
Microsoft Visual Studio Solution File, Format Version 12.00
# Visual Studio Version 16
VisualStudioVersion = 16.0.32228.343
MinimumVisualStudioVersion = 10.0.40219.1
Project("{FAE04EC0-301F-11D3-BF4B-00C04F79EFBC}") = "ProductosVivero", "ProductosVivero\ProductosVivero.csproj", "{586996A9-89ED-42AB-AFD1-EC5C25B86EA6}"
EndProject
Global
	GlobalSection(SolutionConfigurationPlatforms) = preSolution
		Debug|Any CPU = Debug|Any CPU
		Release|Any CPU = Release|Any CPU
	EndGlobalSection
	GlobalSection(ProjectConfigurationPlatforms) = postSolution
		{586996A9-89ED-42AB-AFD1-EC5C25B86EA6}.Debug|Any CPU.ActiveCfg = Debug|Any CPU
		{586996A9-89ED-42AB-AFD1-EC5C25B86EA6}.Debug|Any CPU.Build.0 = Debug|Any CPU
		{586996A9-89ED-42AB-AFD1-EC5C25B86EA6}.Release|Any CPU.ActiveCfg = Release|Any CPU
		{586996A9-89ED-42AB-AFD1-EC5C25B86EA6}.Release|Any CPU.Build.0 = Release|Any CPU
	EndGlobalSection
	GlobalSection(SolutionProperties) = preSolution
		HideSolutionNode = FALSE
	EndGlobalSection
	GlobalSection(ExtensibilityGlobals) = postSolution
		SolutionGuid = {74519828-76EE-40CC-86B4-B5D971CF85BA}
	EndGlobalSection
EndGlobal
